
Microsoft Visual Studio Solution File, Format Version 12.00
# Visual Studio 14
VisualStudioVersion = 14.0.25420.1
MinimumVisualStudioVersion = 10.0.40219.1
Project("{FAE04EC0-301F-11D3-BF4B-00C04F79EFBC}") = "PR2PS.Web", "PR2PS.Web\PR2PS.Web.csproj", "{7FE92B96-8C80-43D7-B08E-B79CA9F8DC52}"
EndProject
Project("{FAE04EC0-301F-11D3-BF4B-00C04F79EFBC}") = "PR2PS.GameServer", "PR2PS.GameServer\PR2PS.GameServer.csproj", "{F54DCA37-996F-4CA9-80DD-DAD935A756F7}"
EndProject
Project("{FAE04EC0-301F-11D3-BF4B-00C04F79EFBC}") = "PR2PS.ClientBuilder", "PR2PS.ClientBuilder\PR2PS.ClientBuilder.csproj", "{3DC9848A-3969-4AA0-AA41-B15C9D980A8B}"
EndProject
Project("{FAE04EC0-301F-11D3-BF4B-00C04F79EFBC}") = "PR2PS.Common", "PR2PS.Common\PR2PS.Common.csproj", "{EF9D9B4A-47D6-496D-8DBB-19011D54F024}"
EndProject
Global
	GlobalSection(SolutionConfigurationPlatforms) = preSolution
		Debug|Any CPU = Debug|Any CPU
		Release|Any CPU = Release|Any CPU
	EndGlobalSection
	GlobalSection(ProjectConfigurationPlatforms) = postSolution
		{7FE92B96-8C80-43D7-B08E-B79CA9F8DC52}.Debug|Any CPU.ActiveCfg = Debug|Any CPU
		{7FE92B96-8C80-43D7-B08E-B79CA9F8DC52}.Debug|Any CPU.Build.0 = Debug|Any CPU
		{7FE92B96-8C80-43D7-B08E-B79CA9F8DC52}.Release|Any CPU.ActiveCfg = Release|Any CPU
		{7FE92B96-8C80-43D7-B08E-B79CA9F8DC52}.Release|Any CPU.Build.0 = Release|Any CPU
		{F54DCA37-996F-4CA9-80DD-DAD935A756F7}.Debug|Any CPU.ActiveCfg = Debug|Any CPU
		{F54DCA37-996F-4CA9-80DD-DAD935A756F7}.Debug|Any CPU.Build.0 = Debug|Any CPU
		{F54DCA37-996F-4CA9-80DD-DAD935A756F7}.Release|Any CPU.ActiveCfg = Release|Any CPU
		{F54DCA37-996F-4CA9-80DD-DAD935A756F7}.Release|Any CPU.Build.0 = Release|Any CPU
		{3DC9848A-3969-4AA0-AA41-B15C9D980A8B}.Debug|Any CPU.ActiveCfg = Debug|Any CPU
		{3DC9848A-3969-4AA0-AA41-B15C9D980A8B}.Debug|Any CPU.Build.0 = Debug|Any CPU
		{3DC9848A-3969-4AA0-AA41-B15C9D980A8B}.Release|Any CPU.ActiveCfg = Release|Any CPU
		{3DC9848A-3969-4AA0-AA41-B15C9D980A8B}.Release|Any CPU.Build.0 = Release|Any CPU
		{EF9D9B4A-47D6-496D-8DBB-19011D54F024}.Debug|Any CPU.ActiveCfg = Debug|Any CPU
		{EF9D9B4A-47D6-496D-8DBB-19011D54F024}.Debug|Any CPU.Build.0 = Debug|Any CPU
		{EF9D9B4A-47D6-496D-8DBB-19011D54F024}.Release|Any CPU.ActiveCfg = Release|Any CPU
		{EF9D9B4A-47D6-496D-8DBB-19011D54F024}.Release|Any CPU.Build.0 = Release|Any CPU
	EndGlobalSection
	GlobalSection(SolutionProperties) = preSolution
		HideSolutionNode = FALSE
	EndGlobalSection
EndGlobal
